
Microsoft Visual Studio Solution File, Format Version 12.00
# Visual Studio 15
Project("{FAE04EC0-301F-11D3-BF4B-00C04F79EFBC}") = "Zenject", "Zenject.csproj", "{E94CBC5A-5012-1BD3-67B2-D557726F6C42}"
EndProject
Project("{FAE04EC0-301F-11D3-BF4B-00C04F79EFBC}") = "Assembly-CSharp-firstpass", "Assembly-CSharp-firstpass.csproj", "{462A8F96-BB0D-80E7-D7BA-C2402EC2031D}"
EndProject
Project("{FAE04EC0-301F-11D3-BF4B-00C04F79EFBC}") = "Zenject-IntegrationTests", "Zenject-IntegrationTests.csproj", "{0675B310-7274-A851-1841-BE5720F36B15}"
EndProject
Project("{FAE04EC0-301F-11D3-BF4B-00C04F79EFBC}") = "Zenject-IntegrationTests-Editor", "Zenject-IntegrationTests-Editor.csproj", "{F4552F6C-7CA2-3E98-9551-30A7F1425BB5}"
EndProject
Project("{FAE04EC0-301F-11D3-BF4B-00C04F79EFBC}") = "Assembly-CSharp", "Assembly-CSharp.csproj", "{5A3129BB-302E-A0CA-EF30-DFD0AFA044D7}"
EndProject
Project("{FAE04EC0-301F-11D3-BF4B-00C04F79EFBC}") = "GameEngine", "GameEngine.csproj", "{26570629-3C06-6ED3-091F-6196398029E3}"
EndProject
Project("{FAE04EC0-301F-11D3-BF4B-00C04F79EFBC}") = "Zenject-PoolMonitor-Editor", "Zenject-PoolMonitor-Editor.csproj", "{6AE8AE6C-314B-1F8E-92A8-8BA3D62A6982}"
EndProject
Project("{FAE04EC0-301F-11D3-BF4B-00C04F79EFBC}") = "Zenject-UnitTests-Editor", "Zenject-UnitTests-Editor.csproj", "{5EDFBE80-5AE8-CED0-9FBA-AE47247A7B2D}"
EndProject
Project("{FAE04EC0-301F-11D3-BF4B-00C04F79EFBC}") = "Zenject-ReflectionBaking-Editor", "Zenject-ReflectionBaking-Editor.csproj", "{1F45836A-8150-F076-2311-07A225E64335}"
EndProject
Project("{FAE04EC0-301F-11D3-BF4B-00C04F79EFBC}") = "Assembly-CSharp-Editor-firstpass", "Assembly-CSharp-Editor-firstpass.csproj", "{78F64EF7-42F2-0104-D184-8D46D83385BA}"
EndProject
Project("{FAE04EC0-301F-11D3-BF4B-00C04F79EFBC}") = "Zenject-TestFramework", "Zenject-TestFramework.csproj", "{26D3ECA7-1E43-7E8E-65E3-D826BAF4E345}"
EndProject
Project("{FAE04EC0-301F-11D3-BF4B-00C04F79EFBC}") = "Zenject-Editor", "Zenject-Editor.csproj", "{F35891A2-C4EF-63FD-6D0C-38BB639980C8}"
EndProject
Project("{FAE04EC0-301F-11D3-BF4B-00C04F79EFBC}") = "Sirenix.OdinInspector.Modules.UnityMathematics", "Sirenix.OdinInspector.Modules.UnityMathematics.csproj", "{764780BF-822A-A85C-0EB5-E181C2D89CB0}"
EndProject
Global
	GlobalSection(SolutionConfigurationPlatforms) = preSolution
		Debug|Any CPU = Debug|Any CPU
		Release|Any CPU = Release|Any CPU
	EndGlobalSection
	GlobalSection(ProjectConfigurationPlatforms) = postSolution
		{E94CBC5A-5012-1BD3-67B2-D557726F6C42}.Debug|Any CPU.ActiveCfg = Debug|Any CPU
		{E94CBC5A-5012-1BD3-67B2-D557726F6C42}.Debug|Any CPU.Build.0 = Debug|Any CPU
		{E94CBC5A-5012-1BD3-67B2-D557726F6C42}.Release|Any CPU.ActiveCfg = Release|Any CPU
		{E94CBC5A-5012-1BD3-67B2-D557726F6C42}.Release|Any CPU.Build.0 = Release|Any CPU
		{462A8F96-BB0D-80E7-D7BA-C2402EC2031D}.Debug|Any CPU.ActiveCfg = Debug|Any CPU
		{462A8F96-BB0D-80E7-D7BA-C2402EC2031D}.Debug|Any CPU.Build.0 = Debug|Any CPU
		{462A8F96-BB0D-80E7-D7BA-C2402EC2031D}.Release|Any CPU.ActiveCfg = Release|Any CPU
		{462A8F96-BB0D-80E7-D7BA-C2402EC2031D}.Release|Any CPU.Build.0 = Release|Any CPU
		{0675B310-7274-A851-1841-BE5720F36B15}.Debug|Any CPU.ActiveCfg = Debug|Any CPU
		{0675B310-7274-A851-1841-BE5720F36B15}.Debug|Any CPU.Build.0 = Debug|Any CPU
		{0675B310-7274-A851-1841-BE5720F36B15}.Release|Any CPU.ActiveCfg = Release|Any CPU
		{0675B310-7274-A851-1841-BE5720F36B15}.Release|Any CPU.Build.0 = Release|Any CPU
		{F4552F6C-7CA2-3E98-9551-30A7F1425BB5}.Debug|Any CPU.ActiveCfg = Debug|Any CPU
		{F4552F6C-7CA2-3E98-9551-30A7F1425BB5}.Debug|Any CPU.Build.0 = Debug|Any CPU
		{F4552F6C-7CA2-3E98-9551-30A7F1425BB5}.Release|Any CPU.ActiveCfg = Release|Any CPU
		{F4552F6C-7CA2-3E98-9551-30A7F1425BB5}.Release|Any CPU.Build.0 = Release|Any CPU
		{5A3129BB-302E-A0CA-EF30-DFD0AFA044D7}.Debug|Any CPU.ActiveCfg = Debug|Any CPU
		{5A3129BB-302E-A0CA-EF30-DFD0AFA044D7}.Debug|Any CPU.Build.0 = Debug|Any CPU
		{5A3129BB-302E-A0CA-EF30-DFD0AFA044D7}.Release|Any CPU.ActiveCfg = Release|Any CPU
		{5A3129BB-302E-A0CA-EF30-DFD0AFA044D7}.Release|Any CPU.Build.0 = Release|Any CPU
		{26570629-3C06-6ED3-091F-6196398029E3}.Debug|Any CPU.ActiveCfg = Debug|Any CPU
		{26570629-3C06-6ED3-091F-6196398029E3}.Debug|Any CPU.Build.0 = Debug|Any CPU
		{26570629-3C06-6ED3-091F-6196398029E3}.Release|Any CPU.ActiveCfg = Release|Any CPU
		{26570629-3C06-6ED3-091F-6196398029E3}.Release|Any CPU.Build.0 = Release|Any CPU
		{6AE8AE6C-314B-1F8E-92A8-8BA3D62A6982}.Debug|Any CPU.ActiveCfg = Debug|Any CPU
		{6AE8AE6C-314B-1F8E-92A8-8BA3D62A6982}.Debug|Any CPU.Build.0 = Debug|Any CPU
		{6AE8AE6C-314B-1F8E-92A8-8BA3D62A6982}.Release|Any CPU.ActiveCfg = Release|Any CPU
		{6AE8AE6C-314B-1F8E-92A8-8BA3D62A6982}.Release|Any CPU.Build.0 = Release|Any CPU
		{5EDFBE80-5AE8-CED0-9FBA-AE47247A7B2D}.Debug|Any CPU.ActiveCfg = Debug|Any CPU
		{5EDFBE80-5AE8-CED0-9FBA-AE47247A7B2D}.Debug|Any CPU.Build.0 = Debug|Any CPU
		{5EDFBE80-5AE8-CED0-9FBA-AE47247A7B2D}.Release|Any CPU.ActiveCfg = Release|Any CPU
		{5EDFBE80-5AE8-CED0-9FBA-AE47247A7B2D}.Release|Any CPU.Build.0 = Release|Any CPU
		{1F45836A-8150-F076-2311-07A225E64335}.Debug|Any CPU.ActiveCfg = Debug|Any CPU
		{1F45836A-8150-F076-2311-07A225E64335}.Debug|Any CPU.Build.0 = Debug|Any CPU
		{1F45836A-8150-F076-2311-07A225E64335}.Release|Any CPU.ActiveCfg = Release|Any CPU
		{1F45836A-8150-F076-2311-07A225E64335}.Release|Any CPU.Build.0 = Release|Any CPU
		{78F64EF7-42F2-0104-D184-8D46D83385BA}.Debug|Any CPU.ActiveCfg = Debug|Any CPU
		{78F64EF7-42F2-0104-D184-8D46D83385BA}.Debug|Any CPU.Build.0 = Debug|Any CPU
		{78F64EF7-42F2-0104-D184-8D46D83385BA}.Release|Any CPU.ActiveCfg = Release|Any CPU
		{78F64EF7-42F2-0104-D184-8D46D83385BA}.Release|Any CPU.Build.0 = Release|Any CPU
		{26D3ECA7-1E43-7E8E-65E3-D826BAF4E345}.Debug|Any CPU.ActiveCfg = Debug|Any CPU
		{26D3ECA7-1E43-7E8E-65E3-D826BAF4E345}.Debug|Any CPU.Build.0 = Debug|Any CPU
		{26D3ECA7-1E43-7E8E-65E3-D826BAF4E345}.Release|Any CPU.ActiveCfg = Release|Any CPU
		{26D3ECA7-1E43-7E8E-65E3-D826BAF4E345}.Release|Any CPU.Build.0 = Release|Any CPU
		{F35891A2-C4EF-63FD-6D0C-38BB639980C8}.Debug|Any CPU.ActiveCfg = Debug|Any CPU
		{F35891A2-C4EF-63FD-6D0C-38BB639980C8}.Debug|Any CPU.Build.0 = Debug|Any CPU
		{F35891A2-C4EF-63FD-6D0C-38BB639980C8}.Release|Any CPU.ActiveCfg = Release|Any CPU
		{F35891A2-C4EF-63FD-6D0C-38BB639980C8}.Release|Any CPU.Build.0 = Release|Any CPU
		{764780BF-822A-A85C-0EB5-E181C2D89CB0}.Debug|Any CPU.ActiveCfg = Debug|Any CPU
		{764780BF-822A-A85C-0EB5-E181C2D89CB0}.Debug|Any CPU.Build.0 = Debug|Any CPU
		{764780BF-822A-A85C-0EB5-E181C2D89CB0}.Release|Any CPU.ActiveCfg = Release|Any CPU
		{764780BF-822A-A85C-0EB5-E181C2D89CB0}.Release|Any CPU.Build.0 = Release|Any CPU
	EndGlobalSection
	GlobalSection(SolutionProperties) = preSolution
		HideSolutionNode = FALSE
	EndGlobalSection
EndGlobal
